
Microsoft Visual Studio Solution File, Format Version 12.00
# Visual Studio 2013
VisualStudioVersion = 12.0.30723.0
MinimumVisualStudioVersion = 10.0.40219.1
Project("{FAE04EC0-301F-11D3-BF4B-00C04F79EFBC}") = "methanum", "methanum\methanum.csproj", "{15AF9C81-B89B-4424-AD5B-C77C5C507984}"
EndProject
Project("{FAE04EC0-301F-11D3-BF4B-00C04F79EFBC}") = "Core", "Core\Core.csproj", "{9799F0FC-DE6F-49E9-BA8B-3595FD5D76FD}"
EndProject
Project("{FAE04EC0-301F-11D3-BF4B-00C04F79EFBC}") = "ClentExamle", "ClentExamle\ClentExamle.csproj", "{E1ACB7D7-DDE3-4FEA-9B2C-52439FE95417}"
EndProject
Project("{FAE04EC0-301F-11D3-BF4B-00C04F79EFBC}") = "DBFlex", "DBFlex\DBFlex.csproj", "{B8B74669-9AD6-4C76-8E08-C7C9C3F3410C}"
EndProject
Global
	GlobalSection(SolutionConfigurationPlatforms) = preSolution
		Debug|Any CPU = Debug|Any CPU
		Release|Any CPU = Release|Any CPU
	EndGlobalSection
	GlobalSection(ProjectConfigurationPlatforms) = postSolution
		{15AF9C81-B89B-4424-AD5B-C77C5C507984}.Debug|Any CPU.ActiveCfg = Debug|Any CPU
		{15AF9C81-B89B-4424-AD5B-C77C5C507984}.Debug|Any CPU.Build.0 = Debug|Any CPU
		{15AF9C81-B89B-4424-AD5B-C77C5C507984}.Release|Any CPU.ActiveCfg = Release|Any CPU
		{15AF9C81-B89B-4424-AD5B-C77C5C507984}.Release|Any CPU.Build.0 = Release|Any CPU
		{9799F0FC-DE6F-49E9-BA8B-3595FD5D76FD}.Debug|Any CPU.ActiveCfg = Debug|Any CPU
		{9799F0FC-DE6F-49E9-BA8B-3595FD5D76FD}.Debug|Any CPU.Build.0 = Debug|Any CPU
		{9799F0FC-DE6F-49E9-BA8B-3595FD5D76FD}.Release|Any CPU.ActiveCfg = Release|Any CPU
		{9799F0FC-DE6F-49E9-BA8B-3595FD5D76FD}.Release|Any CPU.Build.0 = Release|Any CPU
		{E1ACB7D7-DDE3-4FEA-9B2C-52439FE95417}.Debug|Any CPU.ActiveCfg = Debug|Any CPU
		{E1ACB7D7-DDE3-4FEA-9B2C-52439FE95417}.Debug|Any CPU.Build.0 = Debug|Any CPU
		{E1ACB7D7-DDE3-4FEA-9B2C-52439FE95417}.Release|Any CPU.ActiveCfg = Release|Any CPU
		{E1ACB7D7-DDE3-4FEA-9B2C-52439FE95417}.Release|Any CPU.Build.0 = Release|Any CPU
		{B8B74669-9AD6-4C76-8E08-C7C9C3F3410C}.Debug|Any CPU.ActiveCfg = Debug|Any CPU
		{B8B74669-9AD6-4C76-8E08-C7C9C3F3410C}.Debug|Any CPU.Build.0 = Debug|Any CPU
		{B8B74669-9AD6-4C76-8E08-C7C9C3F3410C}.Release|Any CPU.ActiveCfg = Release|Any CPU
		{B8B74669-9AD6-4C76-8E08-C7C9C3F3410C}.Release|Any CPU.Build.0 = Release|Any CPU
	EndGlobalSection
	GlobalSection(SolutionProperties) = preSolution
		HideSolutionNode = FALSE
	EndGlobalSection
EndGlobal
